// !$*UTF8*$!
{
	archiveVersion = 1;
	classes = {
	};
	objectVersion = 55;
	objects = {

/* Begin PBXBuildFile section */
		722C0424287EACBC006547E8 /* README.md in Resources */ = {isa = PBXBuildFile; fileRef = 722C0423287EACBC006547E8 /* README.md */; };
		72417DE9287D9F1B00FA6A3D /* AppDelegate.swift in Sources */ = {isa = PBXBuildFile; fileRef = 72417DE8287D9F1B00FA6A3D /* AppDelegate.swift */; };
		72417DEB287D9F1B00FA6A3D /* SceneDelegate.swift in Sources */ = {isa = PBXBuildFile; fileRef = 72417DEA287D9F1B00FA6A3D /* SceneDelegate.swift */; };
		72417DED287D9F1B00FA6A3D /* ViewController.swift in Sources */ = {isa = PBXBuildFile; fileRef = 72417DEC287D9F1B00FA6A3D /* ViewController.swift */; };
		72417DF0287D9F1B00FA6A3D /* Main.storyboard in Resources */ = {isa = PBXBuildFile; fileRef = 72417DEE287D9F1B00FA6A3D /* Main.storyboard */; };
		72417DF3287D9F1B00FA6A3D /* IHPopMeunView.xcdatamodeld in Sources */ = {isa = PBXBuildFile; fileRef = 72417DF1287D9F1B00FA6A3D /* IHPopMeunView.xcdatamodeld */; };
		72417DF5287D9F1C00FA6A3D /* Assets.xcassets in Resources */ = {isa = PBXBuildFile; fileRef = 72417DF4287D9F1C00FA6A3D /* Assets.xcassets */; };
		72417DF8287D9F1C00FA6A3D /* LaunchScreen.storyboard in Resources */ = {isa = PBXBuildFile; fileRef = 72417DF6287D9F1C00FA6A3D /* LaunchScreen.storyboard */; };
		72417E02287D9F6900FA6A3D /* IHPopMenuData.swift in Sources */ = {isa = PBXBuildFile; fileRef = 72417E00287D9F6900FA6A3D /* IHPopMenuData.swift */; };
		72417E03287D9F6900FA6A3D /* IHPopMenuView.swift in Sources */ = {isa = PBXBuildFile; fileRef = 72417E01287D9F6900FA6A3D /* IHPopMenuView.swift */; };
/* End PBXBuildFile section */

/* Begin PBXFileReference section */
		722C0423287EACBC006547E8 /* README.md */ = {isa = PBXFileReference; fileEncoding = 4; lastKnownFileType = net.daringfireball.markdown; name = README.md; path = ../README.md; sourceTree = "<group>"; };
		72417DE5287D9F1B00FA6A3D /* IHPopMeunView.app */ = {isa = PBXFileReference; explicitFileType = wrapper.application; includeInIndex = 0; path = IHPopMeunView.app; sourceTree = BUILT_PRODUCTS_DIR; };
		72417DE8287D9F1B00FA6A3D /* AppDelegate.swift */ = {isa = PBXFileReference; lastKnownFileType = sourcecode.swift; path = AppDelegate.swift; sourceTree = "<group>"; };
		72417DEA287D9F1B00FA6A3D /* SceneDelegate.swift */ = {isa = PBXFileReference; lastKnownFileType = sourcecode.swift; path = SceneDelegate.swift; sourceTree = "<group>"; };
		72417DEC287D9F1B00FA6A3D /* ViewController.swift */ = {isa = PBXFileReference; lastKnownFileType = sourcecode.swift; path = ViewController.swift; sourceTree = "<group>"; };
		72417DEF287D9F1B00FA6A3D /* Base */ = {isa = PBXFileReference; lastKnownFileType = file.storyboard; name = Base; path = Base.lproj/Main.storyboard; sourceTree = "<group>"; };
		72417DF2287D9F1B00FA6A3D /* IHPopMeunView.xcdatamodel */ = {isa = PBXFileReference; lastKnownFileType = wrapper.xcdatamodel; path = IHPopMeunView.xcdatamodel; sourceTree = "<group>"; };
		72417DF4287D9F1C00FA6A3D /* Assets.xcassets */ = {isa = PBXFileReference; lastKnownFileType = folder.assetcatalog; path = Assets.xcassets; sourceTree = "<group>"; };
		72417DF7287D9F1C00FA6A3D /* Base */ = {isa = PBXFileReference; lastKnownFileType = file.storyboard; name = Base; path = Base.lproj/LaunchScreen.storyboard; sourceTree = "<group>"; };
		72417DF9287D9F1C00FA6A3D /* Info.plist */ = {isa = PBXFileReference; lastKnownFileType = text.plist.xml; path = Info.plist; sourceTree = "<group>"; };
		72417E00287D9F6900FA6A3D /* IHPopMenuData.swift */ = {isa = PBXFileReference; fileEncoding = 4; lastKnownFileType = sourcecode.swift; path = IHPopMenuData.swift; sourceTree = "<group>"; };
		72417E01287D9F6900FA6A3D /* IHPopMenuView.swift */ = {isa = PBXFileReference; fileEncoding = 4; lastKnownFileType = sourcecode.swift; path = IHPopMenuView.swift; sourceTree = "<group>"; };
/* End PBXFileReference section */

/* Begin PBXFrameworksBuildPhase section */
		72417DE2287D9F1B00FA6A3D /* Frameworks */ = {
			isa = PBXFrameworksBuildPhase;
			buildActionMask = 2147483647;
			files = (
			);
			runOnlyForDeploymentPostprocessing = 0;
		};
/* End PBXFrameworksBuildPhase section */

/* Begin PBXGroup section */
		72417DDC287D9F1B00FA6A3D = {
			isa = PBXGroup;
			children = (
				722C0423287EACBC006547E8 /* README.md */,
				72417DE7287D9F1B00FA6A3D /* IHPopMeunView */,
				72417DE6287D9F1B00FA6A3D /* Products */,
			);
			sourceTree = "<group>";
		};
		72417DE6287D9F1B00FA6A3D /* Products */ = {
			isa = PBXGroup;
			children = (
				72417DE5287D9F1B00FA6A3D /* IHPopMeunView.app */,
			);
			name = Products;
			sourceTree = "<group>";
		};
		72417DE7287D9F1B00FA6A3D /* IHPopMeunView */ = {
			isa = PBXGroup;
			children = (
				72417DFF287D9F6900FA6A3D /* MenumView */,
				72417DE8287D9F1B00FA6A3D /* AppDelegate.swift */,
				72417DEA287D9F1B00FA6A3D /* SceneDelegate.swift */,
				72417DEC287D9F1B00FA6A3D /* ViewController.swift */,
				72417DEE287D9F1B00FA6A3D /* Main.storyboard */,
				72417DF4287D9F1C00FA6A3D /* Assets.xcassets */,
				72417DF6287D9F1C00FA6A3D /* LaunchScreen.storyboard */,
				72417DF9287D9F1C00FA6A3D /* Info.plist */,
				72417DF1287D9F1B00FA6A3D /* IHPopMeunView.xcdatamodeld */,
			);
			path = IHPopMeunView;
			sourceTree = "<group>";
		};
		72417DFF287D9F6900FA6A3D /* MenumView */ = {
			isa = PBXGroup;
			children = (
				72417E01287D9F6900FA6A3D /* IHPopMenuView.swift */,
				72417E00287D9F6900FA6A3D /* IHPopMenuData.swift */,
			);
			path = MenumView;
			sourceTree = SOURCE_ROOT;
		};
/* End PBXGroup section */

/* Begin PBXNativeTarget section */
		72417DE4287D9F1B00FA6A3D /* IHPopMeunView */ = {
			isa = PBXNativeTarget;
			buildConfigurationList = 72417DFC287D9F1C00FA6A3D /* Build configuration list for PBXNativeTarget "IHPopMeunView" */;
			buildPhases = (
				72417DE1287D9F1B00FA6A3D /* Sources */,
				72417DE2287D9F1B00FA6A3D /* Frameworks */,
				72417DE3287D9F1B00FA6A3D /* Resources */,
			);
			buildRules = (
			);
			dependencies = (
			);
			name = IHPopMeunView;
			productName = IHPopMeunView;
			productReference = 72417DE5287D9F1B00FA6A3D /* IHPopMeunView.app */;
			productType = "com.apple.product-type.application";
		};
/* End PBXNativeTarget section */

/* Begin PBXProject section */
		72417DDD287D9F1B00FA6A3D /* Project object */ = {
			isa = PBXProject;
			attributes = {
				BuildIndependentTargetsInParallel = 1;
				LastSwiftUpdateCheck = 1340;
				LastUpgradeCheck = 1340;
				TargetAttributes = {
					72417DE4287D9F1B00FA6A3D = {
						CreatedOnToolsVersion = 13.4.1;
					};
				};
			};
			buildConfigurationList = 72417DE0287D9F1B00FA6A3D /* Build configuration list for PBXProject "IHPopMeunView" */;
			compatibilityVersion = "Xcode 13.0";
			developmentRegion = en;
			hasScannedForEncodings = 0;
			knownRegions = (
				en,
				Base,
			);
			mainGroup = 72417DDC287D9F1B00FA6A3D;
			productRefGroup = 72417DE6287D9F1B00FA6A3D /* Products */;
			projectDirPath = "";
			projectRoot = "";
			targets = (
				72417DE4287D9F1B00FA6A3D /* IHPopMeunView */,
			);
		};
/* End PBXProject section */

/* Begin PBXResourcesBuildPhase section */
		72417DE3287D9F1B00FA6A3D /* Resources */ = {
			isa = PBXResourcesBuildPhase;
			buildActionMask = 2147483647;
			files = (
				72417DF8287D9F1C00FA6A3D /* LaunchScreen.storyboard in Resources */,
				72417DF5287D9F1C00FA6A3D /* Assets.xcassets in Resources */,
				722C0424287EACBC006547E8 /* README.md in Resources */,
				72417DF0287D9F1B00FA6A3D /* Main.storyboard in Resources */,
			);
			runOnlyForDeploymentPostprocessing = 0;
		};
/* End PBXResourcesBuildPhase section */

/* Begin PBXSourcesBuildPhase section */
		72417DE1287D9F1B00FA6A3D /* Sources */ = {
			isa = PBXSourcesBuildPhase;
			buildActionMask = 2147483647;
			files = (
				72417DED287D9F1B00FA6A3D /* ViewController.swift in Sources */,
				72417E03287D9F6900FA6A3D /* IHPopMenuView.swift in Sources */,
				72417E02287D9F6900FA6A3D /* IHPopMenuData.swift in Sources */,
				72417DE9287D9F1B00FA6A3D /* AppDelegate.swift in Sources */,
				72417DF3287D9F1B00FA6A3D /* IHPopMeunView.xcdatamodeld in Sources */,
				72417DEB287D9F1B00FA6A3D /* SceneDelegate.swift in Sources */,
			);
			runOnlyForDeploymentPostprocessing = 0;
		};
/* End PBXSourcesBuildPhase section */

/* Begin PBXVariantGroup section */
		72417DEE287D9F1B00FA6A3D /* Main.storyboard */ = {
			isa = PBXVariantGroup;
			children = (
				72417DEF287D9F1B00FA6A3D /* Base */,
			);
			name = Main.storyboard;
			sourceTree = "<group>";
		};
		72417DF6287D9F1C00FA6A3D /* LaunchScreen.storyboard */ = {
			isa = PBXVariantGroup;
			children = (
				72417DF7287D9F1C00FA6A3D /* Base */,
			);
			name = LaunchScreen.storyboard;
			sourceTree = "<group>";
		};
/* End PBXVariantGroup section */

/* Begin XCBuildConfiguration section */
		72417DFA287D9F1C00FA6A3D /* Debug */ = {
			isa = XCBuildConfiguration;
			buildSettings = {
				ALWAYS_SEARCH_USER_PATHS = NO;
				CLANG_ANALYZER_NONNULL = YES;
				CLANG_ANALYZER_NUMBER_OBJECT_CONVERSION = YES_AGGRESSIVE;
				CLANG_CXX_LANGUAGE_STANDARD = "gnu++17";
				CLANG_ENABLE_MODULES = YES;
				CLANG_ENABLE_OBJC_ARC = YES;
				CLANG_ENABLE_OBJC_WEAK = YES;
				CLANG_WARN_BLOCK_CAPTURE_AUTORELEASING = YES;
				CLANG_WARN_BOOL_CONVERSION = YES;
				CLANG_WARN_COMMA = YES;
				CLANG_WARN_CONSTANT_CONVERSION = YES;
				CLANG_WARN_DEPRECATED_OBJC_IMPLEMENTATIONS = YES;
				CLANG_WARN_DIRECT_OBJC_ISA_USAGE = YES_ERROR;
				CLANG_WARN_DOCUMENTATION_COMMENTS = YES;
				CLANG_WARN_EMPTY_BODY = YES;
				CLANG_WARN_ENUM_CONVERSION = YES;
				CLANG_WARN_INFINITE_RECURSION = YES;
				CLANG_WARN_INT_CONVERSION = YES;
				CLANG_WARN_NON_LITERAL_NULL_CONVERSION = YES;
				CLANG_WARN_OBJC_IMPLICIT_RETAIN_SELF = YES;
				CLANG_WARN_OBJC_LITERAL_CONVERSION = YES;
				CLANG_WARN_OBJC_ROOT_CLASS = YES_ERROR;
				CLANG_WARN_QUOTED_INCLUDE_IN_FRAMEWORK_HEADER = YES;
				CLANG_WARN_RANGE_LOOP_ANALYSIS = YES;
				CLANG_WARN_STRICT_PROTOTYPES = YES;
				CLANG_WARN_SUSPICIOUS_MOVE = YES;
				CLANG_WARN_UNGUARDED_AVAILABILITY = YES_AGGRESSIVE;
				CLANG_WARN_UNREACHABLE_CODE = YES;
				CLANG_WARN__DUPLICATE_METHOD_MATCH = YES;
				COPY_PHASE_STRIP = NO;
				DEBUG_INFORMATION_FORMAT = dwarf;
				ENABLE_STRICT_OBJC_MSGSEND = YES;
				ENABLE_TESTABILITY = YES;
				GCC_C_LANGUAGE_STANDARD = gnu11;
				GCC_DYNAMIC_NO_PIC = NO;
				GCC_NO_COMMON_BLOCKS = YES;
				GCC_OPTIMIZATION_LEVEL = 0;
				GCC_PREPROCESSOR_DEFINITIONS = (
					"DEBUG=1",
					"$(inherited)",
				);
				GCC_WARN_64_TO_32_BIT_CONVERSION = YES;
				GCC_WARN_ABOUT_RETURN_TYPE = YES_ERROR;
				GCC_WARN_UNDECLARED_SELECTOR = YES;
				GCC_WARN_UNINITIALIZED_AUTOS = YES_AGGRESSIVE;
				GCC_WARN_UNUSED_FUNCTION = YES;
				GCC_WARN_UNUSED_VARIABLE = YES;
				IPHONEOS_DEPLOYMENT_TARGET = 15.5;
				MTL_ENABLE_DEBUG_INFO = INCLUDE_SOURCE;
				MTL_FAST_MATH = YES;
				ONLY_ACTIVE_ARCH = YES;
				SDKROOT = iphoneos;
				SWIFT_ACTIVE_COMPILATION_CONDITIONS = DEBUG;
				SWIFT_OPTIMIZATION_LEVEL = "-Onone";
			};
			name = Debug;
		};
		72417DFB287D9F1C00FA6A3D /* Release */ = {
			isa = XCBuildConfiguration;
			buildSettings = {
				ALWAYS_SEARCH_USER_PATHS = NO;
				CLANG_ANALYZER_NONNULL = YES;
				CLANG_ANALYZER_NUMBER_OBJECT_CONVERSION = YES_AGGRESSIVE;
				CLANG_CXX_LANGUAGE_STANDARD = "gnu++17";
				CLANG_ENABLE_MODULES = YES;
				CLANG_ENABLE_OBJC_ARC = YES;
				CLANG_ENABLE_OBJC_WEAK = YES;
				CLANG_WARN_BLOCK_CAPTURE_AUTORELEASING = YES;
				CLANG_WARN_BOOL_CONVERSION = YES;
				CLANG_WARN_COMMA = YES;
				CLANG_WARN_CONSTANT_CONVERSION = YES;
				CLANG_WARN_DEPRECATED_OBJC_IMPLEMENTATIONS = YES;
				CLANG_WARN_DIRECT_OBJC_ISA_USAGE = YES_ERROR;
				CLANG_WARN_DOCUMENTATION_COMMENTS = YES;
				CLANG_WARN_EMPTY_BODY = YES;
				CLANG_WARN_ENUM_CONVERSION = YES;
				CLANG_WARN_INFINITE_RECURSION = YES;
				CLANG_WARN_INT_CONVERSION = YES;
				CLANG_WARN_NON_LITERAL_NULL_CONVERSION = YES;
				CLANG_WARN_OBJC_IMPLICIT_RETAIN_SELF = YES;
				CLANG_WARN_OBJC_LITERAL_CONVERSION = YES;
				CLANG_WARN_OBJC_ROOT_CLASS = YES_ERROR;
				CLANG_WARN_QUOTED_INCLUDE_IN_FRAMEWORK_HEADER = YES;
				CLANG_WARN_RANGE_LOOP_ANALYSIS = YES;
				CLANG_WARN_STRICT_PROTOTYPES = YES;
				CLANG_WARN_SUSPICIOUS_MOVE = YES;
				CLANG_WARN_UNGUARDED_AVAILABILITY = YES_AGGRESSIVE;
				CLANG_WARN_UNREACHABLE_CODE = YES;
				CLANG_WARN__DUPLICATE_METHOD_MATCH = YES;
				COPY_PHASE_STRIP = NO;
				DEBUG_INFORMATION_FORMAT = "dwarf-with-dsym";
				ENABLE_NS_ASSERTIONS = NO;
				ENABLE_STRICT_OBJC_MSGSEND = YES;
				GCC_C_LANGUAGE_STANDARD = gnu11;
				GCC_NO_COMMON_BLOCKS = YES;
				GCC_WARN_64_TO_32_BIT_CONVERSION = YES;
				GCC_WARN_ABOUT_RETURN_TYPE = YES_ERROR;
				GCC_WARN_UNDECLARED_SELECTOR = YES;
				GCC_WARN_UNINITIALIZED_AUTOS = YES_AGGRESSIVE;
				GCC_WARN_UNUSED_FUNCTION = YES;
				GCC_WARN_UNUSED_VARIABLE = YES;
				IPHONEOS_DEPLOYMENT_TARGET = 15.5;
				MTL_ENABLE_DEBUG_INFO = NO;
				MTL_FAST_MATH = YES;
				SDKROOT = iphoneos;
				SWIFT_COMPILATION_MODE = wholemodule;
				SWIFT_OPTIMIZATION_LEVEL = "-O";
				VALIDATE_PRODUCT = YES;
			};
			name = Release;
		};
		72417DFD287D9F1C00FA6A3D /* Debug */ = {
			isa = XCBuildConfiguration;
			buildSettings = {
				ASSETCATALOG_COMPILER_APPICON_NAME = AppIcon;
				ASSETCATALOG_COMPILER_GLOBAL_ACCENT_COLOR_NAME = AccentColor;
				CODE_SIGN_STYLE = Automatic;
				CURRENT_PROJECT_VERSION = 1;
				DEVELOPMENT_TEAM = 7FRPGSK3V3;
				GENERATE_INFOPLIST_FILE = YES;
				INFOPLIST_FILE = IHPopMeunView/Info.plist;
				INFOPLIST_KEY_UIApplicationSupportsIndirectInputEvents = YES;
				INFOPLIST_KEY_UILaunchStoryboardName = LaunchScreen;
				INFOPLIST_KEY_UIMainStoryboardFile = Main;
				INFOPLIST_KEY_UISupportedInterfaceOrientations_iPad = "UIInterfaceOrientationPortrait UIInterfaceOrientationPortraitUpsideDown UIInterfaceOrientationLandscapeLeft UIInterfaceOrientationLandscapeRight";
				INFOPLIST_KEY_UISupportedInterfaceOrientations_iPhone = "UIInterfaceOrientationPortrait UIInterfaceOrientationLandscapeLeft UIInterfaceOrientationLandscapeRight";
				IPHONEOS_DEPLOYMENT_TARGET = 13.0;
				LD_RUNPATH_SEARCH_PATHS = (
					"$(inherited)",
					"@executable_path/Frameworks",
				);
				MARKETING_VERSION = 1.0;
				PRODUCT_BUNDLE_IDENTIFIER = MeunView.IHPopMeunView;
				PRODUCT_NAME = "$(TARGET_NAME)";
				SWIFT_EMIT_LOC_STRINGS = YES;
				SWIFT_VERSION = 5.0;
				TARGETED_DEVICE_FAMILY = "1,2";
			};
			name = Debug;
		};
		72417DFE287D9F1C00FA6A3D /* Release */ = {
			isa = XCBuildConfiguration;
			buildSettings = {
				ASSETCATALOG_COMPILER_APPICON_NAME = AppIcon;
				ASSETCATALOG_COMPILER_GLOBAL_ACCENT_COLOR_NAME = AccentColor;
				CODE_SIGN_STYLE = Automatic;
				CURRENT_PROJECT_VERSION = 1;
				DEVELOPMENT_TEAM = 7FRPGSK3V3;
				GENERATE_INFOPLIST_FILE = YES;
				INFOPLIST_FILE = IHPopMeunView/Info.plist;
				INFOPLIST_KEY_UIApplicationSupportsIndirectInputEvents = YES;
				INFOPLIST_KEY_UILaunchStoryboardName = LaunchScreen;
				INFOPLIST_KEY_UIMainStoryboardFile = Main;
				INFOPLIST_KEY_UISupportedInterfaceOrientations_iPad = "UIInterfaceOrientationPortrait UIInterfaceOrientationPortraitUpsideDown UIInterfaceOrientationLandscapeLeft UIInterfaceOrientationLandscapeRight";
				INFOPLIST_KEY_UISupportedInterfaceOrientations_iPhone = "UIInterfaceOrientationPortrait UIInterfaceOrientationLandscapeLeft UIInterfaceOrientationLandscapeRight";
				IPHONEOS_DEPLOYMENT_TARGET = 13.0;
				LD_RUNPATH_SEARCH_PATHS = (
					"$(inherited)",
					"@executable_path/Frameworks",
				);
				MARKETING_VERSION = 1.0;
				PRODUCT_BUNDLE_IDENTIFIER = MeunView.IHPopMeunView;
				PRODUCT_NAME = "$(TARGET_NAME)";
				SWIFT_EMIT_LOC_STRINGS = YES;
				SWIFT_VERSION = 5.0;
				TARGETED_DEVICE_FAMILY = "1,2";
			};
			name = Release;
		};
/* End XCBuildConfiguration section */

/* Begin XCConfigurationList section */
		72417DE0287D9F1B00FA6A3D /* Build configuration list for PBXProject "IHPopMeunView" */ = {
			isa = XCConfigurationList;
			buildConfigurations = (
				72417DFA287D9F1C00FA6A3D /* Debug */,
				72417DFB287D9F1C00FA6A3D /* Release */,
			);
			defaultConfigurationIsVisible = 0;
			defaultConfigurationName = Release;
		};
		72417DFC287D9F1C00FA6A3D /* Build configuration list for PBXNativeTarget "IHPopMeunView" */ = {
			isa = XCConfigurationList;
			buildConfigurations = (
				72417DFD287D9F1C00FA6A3D /* Debug */,
				72417DFE287D9F1C00FA6A3D /* Release */,
			);
			defaultConfigurationIsVisible = 0;
			defaultConfigurationName = Release;
		};
/* End XCConfigurationList section */

/* Begin XCVersionGroup section */
		72417DF1287D9F1B00FA6A3D /* IHPopMeunView.xcdatamodeld */ = {
			isa = XCVersionGroup;
			children = (
				72417DF2287D9F1B00FA6A3D /* IHPopMeunView.xcdatamodel */,
			);
			currentVersion = 72417DF2287D9F1B00FA6A3D /* IHPopMeunView.xcdatamodel */;
			path = IHPopMeunView.xcdatamodeld;
			sourceTree = "<group>";
			versionGroupType = wrapper.xcdatamodel;
		};
/* End XCVersionGroup section */
	};
	rootObject = 72417DDD287D9F1B00FA6A3D /* Project object */;
}
